<?xml version="1.0" encoding="utf-8"?>
<Project ToolsVersion="4.0" xmlns="http://schemas.microsoft.com/developer/msbuild/2003">
  <ItemGroup>
    <Filter Include="Public">
      <UniqueIdentifier>{693d9146-908b-4b9d-b22a-7f614a7e1292}</UniqueIdentifier>
    </Filter>
    <Filter Include="Private">
      <UniqueIdentifier>{a2d3aa2d-3ed8-4138-bbc3-fbc3c798c421}</UniqueIdentifier>
    </Filter>
    <Filter Include="Public\Enums">
      <UniqueIdentifier>{850ba057-34af-4024-b7b5-106ab22b0d6c}</UniqueIdentifier>
    </Filter>
    <Filter Include="Private\Enums">
      <UniqueIdentifier>{df1f44da-b46f-4b9e-96b2-86f22136050c}</UniqueIdentifier>
    </Filter>
    <Filter Include="Public\Formatters">
      <UniqueIdentifier>{8501ceed-1a8d-4081-a639-98b36638be80}</UniqueIdentifier>
    </Filter>
    <Filter Include="Public\Queues">
      <UniqueIdentifier>{fbc1725f-06df-40ac-b74a-3ffb8b1881c7}</UniqueIdentifier>
    </Filter>
    <Filter Include="Public\Outputs">
      <UniqueIdentifier>{dec7046f-85bb-4bdd-9916-afd07fda7ccc}</UniqueIdentifier>
    </Filter>
    <Filter Include="Public\Managers">
      <UniqueIdentifier>{ee0c678d-33a3-4bd6-8d2d-82ea260ecb5f}</UniqueIdentifier>
    </Filter>
    <Filter Include="Private\Queues">
      <UniqueIdentifier>{20dfe964-068a-49fe-9222-da50569137b0}</UniqueIdentifier>
    </Filter>
    <Filter Include="Private\Outputs">
      <UniqueIdentifier>{7a4983ed-3959-4f5a-a21a-12f93e7a2279}</UniqueIdentifier>
    </Filter>
    <Filter Include="Private\Managers">
      <UniqueIdentifier>{53b53d5f-f14e-499f-a7cd-4439677462e0}</UniqueIdentifier>
    </Filter>
    <Filter Include="Private\Formatters">
      <UniqueIdentifier>{b5f6d8a6-2008-453f-bfca-0b6899a9bd15}</UniqueIdentifier>
    </Filter>
  </ItemGroup>
  <ItemGroup>
    <ClInclude Include="include\public\outputs\ConsoleLogOutput.h">
      <Filter>Public\Outputs</Filter>
    </ClInclude>
    <ClInclude Include="include\public\enums\EConsoleLogColors.h">
      <Filter>Public\Enums</Filter>
    </ClInclude>
    <ClInclude Include="include\public\enums\ELogLevels.h">
      <Filter>Public\Enums</Filter>
    </ClInclude>
    <ClInclude Include="include\public\outputs\ILogOutput.h">
      <Filter>Public\Outputs</Filter>
    </ClInclude>
    <ClInclude Include="include\public\managers\LogManager.h">
      <Filter>Public\Managers</Filter>
    </ClInclude>
    <ClInclude Include="include\public\queues\LogQueue.h">
      <Filter>Public\Queues</Filter>
    </ClInclude>
    <ClInclude Include="include\public\formatters\ILogFormatter.h">
      <Filter>Public\Formatters</Filter>
    </ClInclude>
    <ClInclude Include="include\public\outputs\WindowsVisualStudioDebugLogOutput.h">
      <Filter>Public\Outputs</Filter>
    </ClInclude>
    <ClInclude Include="include\public\formatters\ConsoleLogFormatter.h">
      <Filter>Public\Formatters</Filter>
    </ClInclude>
    <ClInclude Include="include\public\models\LogEntryProperties.h" />
  </ItemGroup>
  <ItemGroup>
    <ClCompile Include="source\formatters\ConsoleLogFormatter.cpp">
      <Filter>Private\Formatters</Filter>
    </ClCompile>
    <ClCompile Include="source\outputs\ConsoleLogOutput.cpp">
      <Filter>Private\Outputs</Filter>
    </ClCompile>
    <ClCompile Include="source\enums\EConsoleLogColors.cpp">
      <Filter>Private\Enums</Filter>
    </ClCompile>
    <ClCompile Include="source\enums\ELogLevels.cpp">
      <Filter>Private\Enums</Filter>
    </ClCompile>
    <ClCompile Include="source\managers\LogManager.cpp">
      <Filter>Private\Managers</Filter>
    </ClCompile>
    <ClCompile Include="source\queues\LogQueue.cpp">
      <Filter>Private\Queues</Filter>
    </ClCompile>
    <ClCompile Include="source\outputs\WindowsVisualStudioDebugLogOutput.cpp">
      <Filter>Private\Outputs</Filter>
    </ClCompile>
  </ItemGroup>
</Project>